
Microsoft Visual Studio Solution File, Format Version 12.00
# Visual Studio 15
VisualStudioVersion = 15.0.28307.960
MinimumVisualStudioVersion = 10.0.40219.1
Project("{FAE04EC0-301F-11D3-BF4B-00C04F79EFBC}") = "WpfApp", "WpfApp\WpfApp.csproj", "{430441D9-30C2-4C27-B9FE-5192B3E04E3A}"
EndProject
Global
	GlobalSection(SolutionConfigurationPlatforms) = preSolution
		Debug|Any CPU = Debug|Any CPU
		Release|Any CPU = Release|Any CPU
	EndGlobalSection
	GlobalSection(ProjectConfigurationPlatforms) = postSolution
		{430441D9-30C2-4C27-B9FE-5192B3E04E3A}.Debug|Any CPU.ActiveCfg = Debug|Any CPU
		{430441D9-30C2-4C27-B9FE-5192B3E04E3A}.Debug|Any CPU.Build.0 = Debug|Any CPU
		{430441D9-30C2-4C27-B9FE-5192B3E04E3A}.Release|Any CPU.ActiveCfg = Release|Any CPU
		{430441D9-30C2-4C27-B9FE-5192B3E04E3A}.Release|Any CPU.Build.0 = Release|Any CPU
	EndGlobalSection
	GlobalSection(SolutionProperties) = preSolution
		HideSolutionNode = FALSE
	EndGlobalSection
	GlobalSection(ExtensibilityGlobals) = postSolution
		SolutionGuid = {7C553118-5B14-410E-8FFC-26DB8F7F0F56}
	EndGlobalSection
EndGlobal
